
Microsoft Visual Studio Solution File, Format Version 12.00
# Visual Studio Version 16
VisualStudioVersion = 16.0.32802.440
MinimumVisualStudioVersion = 10.0.40219.1
Project("{9A19103F-16F7-4668-BE54-9A1E7A4F7556}") = "WebDriverTests", "WebDriverTests\WebDriverTests.csproj", "{9D818482-FF61-41A2-BA08-659731085EBA}"
EndProject
Project("{FAE04EC0-301F-11D3-BF4B-00C04F79EFBC}") = "CanonTests", "CanonTests\CanonTests.csproj", "{E6625804-3A3A-4B40-BEF6-C7F99489A40A}"
EndProject
Global
	GlobalSection(SolutionConfigurationPlatforms) = preSolution
		Debug|Any CPU = Debug|Any CPU
		Release|Any CPU = Release|Any CPU
	EndGlobalSection
	GlobalSection(ProjectConfigurationPlatforms) = postSolution
		{9D818482-FF61-41A2-BA08-659731085EBA}.Debug|Any CPU.ActiveCfg = Debug|Any CPU
		{9D818482-FF61-41A2-BA08-659731085EBA}.Debug|Any CPU.Build.0 = Debug|Any CPU
		{9D818482-FF61-41A2-BA08-659731085EBA}.Release|Any CPU.ActiveCfg = Release|Any CPU
		{9D818482-FF61-41A2-BA08-659731085EBA}.Release|Any CPU.Build.0 = Release|Any CPU
		{E6625804-3A3A-4B40-BEF6-C7F99489A40A}.Debug|Any CPU.ActiveCfg = Debug|Any CPU
		{E6625804-3A3A-4B40-BEF6-C7F99489A40A}.Debug|Any CPU.Build.0 = Debug|Any CPU
		{E6625804-3A3A-4B40-BEF6-C7F99489A40A}.Release|Any CPU.ActiveCfg = Release|Any CPU
		{E6625804-3A3A-4B40-BEF6-C7F99489A40A}.Release|Any CPU.Build.0 = Release|Any CPU
	EndGlobalSection
	GlobalSection(SolutionProperties) = preSolution
		HideSolutionNode = FALSE
	EndGlobalSection
	GlobalSection(ExtensibilityGlobals) = postSolution
		SolutionGuid = {4CA4610A-08CB-4CFB-8096-7AE76495DB9B}
	EndGlobalSection
EndGlobal
